
Microsoft Visual Studio Solution File, Format Version 12.00
# Visual Studio Version 17
VisualStudioVersion = 17.9.34723.18
MinimumVisualStudioVersion = 10.0.40219.1
Project("{FAE04EC0-301F-11D3-BF4B-00C04F79EFBC}") = "BlogApplication", "BlogApplication.csproj", "{1FA96C14-EB61-4E68-9A94-8CD65121E9E2}"
EndProject
Global
	GlobalSection(SolutionConfigurationPlatforms) = preSolution
		Debug|Any CPU = Debug|Any CPU
		Release|Any CPU = Release|Any CPU
	EndGlobalSection
	GlobalSection(ProjectConfigurationPlatforms) = postSolution
		{1FA96C14-EB61-4E68-9A94-8CD65121E9E2}.Debug|Any CPU.ActiveCfg = Debug|Any CPU
		{1FA96C14-EB61-4E68-9A94-8CD65121E9E2}.Debug|Any CPU.Build.0 = Debug|Any CPU
		{1FA96C14-EB61-4E68-9A94-8CD65121E9E2}.Release|Any CPU.ActiveCfg = Release|Any CPU
		{1FA96C14-EB61-4E68-9A94-8CD65121E9E2}.Release|Any CPU.Build.0 = Release|Any CPU
	EndGlobalSection
	GlobalSection(SolutionProperties) = preSolution
		HideSolutionNode = FALSE
	EndGlobalSection
	GlobalSection(ExtensibilityGlobals) = postSolution
		SolutionGuid = {9039D74B-8A25-4030-8A92-31DF0C039E29}
	EndGlobalSection
EndGlobal
